
Microsoft Visual Studio Solution File, Format Version 12.00
# Visual Studio Version 17
VisualStudioVersion = 17.2.32526.322
MinimumVisualStudioVersion = 10.0.40219.1
Project("{FAE04EC0-301F-11D3-BF4B-00C04F79EFBC}") = "Hiring-API", "Hiring-API\Hiring-API.csproj", "{7581CC8F-FB94-4AA8-BE16-6ADF82903AD0}"
EndProject
Project("{FAE04EC0-301F-11D3-BF4B-00C04F79EFBC}") = "BLL", "BLL\BLL.csproj", "{6394F32D-15EF-48D2-A9B7-D94040D867AB}"
EndProject
Project("{FAE04EC0-301F-11D3-BF4B-00C04F79EFBC}") = "DAL", "DAL\DAL.csproj", "{B022B051-399C-4F27-B119-584A81E075B5}"
EndProject
Global
	GlobalSection(SolutionConfigurationPlatforms) = preSolution
		Debug|Any CPU = Debug|Any CPU
		Release|Any CPU = Release|Any CPU
	EndGlobalSection
	GlobalSection(ProjectConfigurationPlatforms) = postSolution
		{7581CC8F-FB94-4AA8-BE16-6ADF82903AD0}.Debug|Any CPU.ActiveCfg = Debug|Any CPU
		{7581CC8F-FB94-4AA8-BE16-6ADF82903AD0}.Debug|Any CPU.Build.0 = Debug|Any CPU
		{7581CC8F-FB94-4AA8-BE16-6ADF82903AD0}.Release|Any CPU.ActiveCfg = Release|Any CPU
		{7581CC8F-FB94-4AA8-BE16-6ADF82903AD0}.Release|Any CPU.Build.0 = Release|Any CPU
		{6394F32D-15EF-48D2-A9B7-D94040D867AB}.Debug|Any CPU.ActiveCfg = Debug|Any CPU
		{6394F32D-15EF-48D2-A9B7-D94040D867AB}.Debug|Any CPU.Build.0 = Debug|Any CPU
		{6394F32D-15EF-48D2-A9B7-D94040D867AB}.Release|Any CPU.ActiveCfg = Release|Any CPU
		{6394F32D-15EF-48D2-A9B7-D94040D867AB}.Release|Any CPU.Build.0 = Release|Any CPU
		{B022B051-399C-4F27-B119-584A81E075B5}.Debug|Any CPU.ActiveCfg = Debug|Any CPU
		{B022B051-399C-4F27-B119-584A81E075B5}.Debug|Any CPU.Build.0 = Debug|Any CPU
		{B022B051-399C-4F27-B119-584A81E075B5}.Release|Any CPU.ActiveCfg = Release|Any CPU
		{B022B051-399C-4F27-B119-584A81E075B5}.Release|Any CPU.Build.0 = Release|Any CPU
	EndGlobalSection
	GlobalSection(SolutionProperties) = preSolution
		HideSolutionNode = FALSE
	EndGlobalSection
	GlobalSection(ExtensibilityGlobals) = postSolution
		SolutionGuid = {44E72F23-E0D6-41E8-ABF6-4971A71A2A27}
	EndGlobalSection
EndGlobal
